
Microsoft Visual Studio Solution File, Format Version 12.00
# Visual Studio Version 16
VisualStudioVersion = 16.0.36107.64
MinimumVisualStudioVersion = 10.0.40219.1
Project("{F184B08F-C81C-45F6-A57F-5ABD9991F28F}") = "Kart Booking System", "Kart Booking System\Kart Booking System.vbproj", "{856E6C54-BEED-4C05-AB6C-A42CA8A81EAE}"
EndProject
Global
	GlobalSection(SolutionConfigurationPlatforms) = preSolution
		Debug|Any CPU = Debug|Any CPU
		Release|Any CPU = Release|Any CPU
	EndGlobalSection
	GlobalSection(ProjectConfigurationPlatforms) = postSolution
		{856E6C54-BEED-4C05-AB6C-A42CA8A81EAE}.Debug|Any CPU.ActiveCfg = Debug|Any CPU
		{856E6C54-BEED-4C05-AB6C-A42CA8A81EAE}.Debug|Any CPU.Build.0 = Debug|Any CPU
		{856E6C54-BEED-4C05-AB6C-A42CA8A81EAE}.Release|Any CPU.ActiveCfg = Release|Any CPU
		{856E6C54-BEED-4C05-AB6C-A42CA8A81EAE}.Release|Any CPU.Build.0 = Release|Any CPU
	EndGlobalSection
	GlobalSection(SolutionProperties) = preSolution
		HideSolutionNode = FALSE
	EndGlobalSection
	GlobalSection(ExtensibilityGlobals) = postSolution
		SolutionGuid = {AED9E240-E969-499B-A1E0-BF619413C5D2}
	EndGlobalSection
EndGlobal
